<?xml version="1.0" encoding="utf-8"?>
<Project ToolsVersion="4.0" xmlns="http://schemas.microsoft.com/developer/msbuild/2003">
  <ItemGroup>
    <Filter Include="Fichiers sources">
      <UniqueIdentifier>{4FC737F1-C7A5-4376-A066-2A32D752A2FF}</UniqueIdentifier>
      <Extensions>cpp;c;cc;cxx;def;odl;idl;hpj;bat;asm;asmx</Extensions>
    </Filter>
    <Filter Include="Fichiers d%27en-tête">
      <UniqueIdentifier>{93995380-89BD-4b04-88EB-625FBE52EBFB}</UniqueIdentifier>
      <Extensions>h;hpp;hxx;hm;inl;inc;xsd</Extensions>
    </Filter>
    <Filter Include="Fichiers de ressources">
      <UniqueIdentifier>{67DA6AB6-F800-4c08-8B7A-83BB121AAD01}</UniqueIdentifier>
      <Extensions>rc;ico;cur;bmp;dlg;rc2;rct;bin;rgs;gif;jpg;jpeg;jpe;resx;tiff;tif;png;wav;mfcribbon-ms</Extensions>
    </Filter>
    <Filter Include="Systems">
      <UniqueIdentifier>{f0919090-6676-43d8-ad00-4194b651916b}</UniqueIdentifier>
    </Filter>
    <Filter Include="tinyxml">
      <UniqueIdentifier>{118861be-9b4e-40e8-b2cf-2a622c06cb00}</UniqueIdentifier>
    </Filter>
    <Filter Include="Filters">
      <UniqueIdentifier>{4fbae1a8-1c47-4c54-8ae3-3c3ac8099502}</UniqueIdentifier>
    </Filter>
    <Filter Include="test">
      <UniqueIdentifier>{e8b83f89-d37d-4a2c-830b-1d37db91a6cd}</UniqueIdentifier>
    </Filter>
    <Filter Include="Samplers">
      <UniqueIdentifier>{cc0d80c4-ce08-4827-9101-6c1a315af2b2}</UniqueIdentifier>
    </Filter>
    <Filter Include="MeshLoaders">
      <UniqueIdentifier>{7540bd02-657d-4dc9-90bc-c5dc7db9e231}</UniqueIdentifier>
    </Filter>
    <Filter Include="Tools">
      <UniqueIdentifier>{ba946107-20b1-45c0-9d30-505c2afd20de}</UniqueIdentifier>
    </Filter>
    <Filter Include="BSDF">
      <UniqueIdentifier>{c3c84ec0-ecd7-423b-9b1c-88212fd89d46}</UniqueIdentifier>
    </Filter>
    <Filter Include="Integrators">
      <UniqueIdentifier>{35afe563-4aea-40e1-a6c2-d5b783de0090}</UniqueIdentifier>
    </Filter>
    <Filter Include="Lights">
      <UniqueIdentifier>{d3f62b36-3d25-48d3-bf39-39351e1b65bc}</UniqueIdentifier>
    </Filter>
    <Filter Include="GeometricShape">
      <UniqueIdentifier>{45cad382-7751-482a-b8d4-6b0e4351f31a}</UniqueIdentifier>
    </Filter>
    <Filter Include="Bin">
      <UniqueIdentifier>{aaa3b6c4-5923-47f9-ba33-4fb27ec1682c}</UniqueIdentifier>
    </Filter>
    <Filter Include="Camera">
      <UniqueIdentifier>{6f856dee-6ab8-43f4-84b9-a60c2456f1e3}</UniqueIdentifier>
    </Filter>
    <Filter Include="Scenes">
      <UniqueIdentifier>{2ffb9cb3-6867-47d2-a2c5-2dced96ae7eb}</UniqueIdentifier>
    </Filter>
    <Filter Include="Tests">
      <UniqueIdentifier>{f7d572f6-7b46-42dc-83a6-55a28f5f7af8}</UniqueIdentifier>
    </Filter>
    <Filter Include="IO">
      <UniqueIdentifier>{166366fc-d96f-42ee-a6d8-34a6e7e8d545}</UniqueIdentifier>
    </Filter>
    <Filter Include="Textures">
      <UniqueIdentifier>{1e75cf18-3d75-4e4a-97f8-107b35c35153}</UniqueIdentifier>
    </Filter>
    <Filter Include="Medium">
      <UniqueIdentifier>{4a006a8a-f406-4e24-9339-91eaa49e918d}</UniqueIdentifier>
    </Filter>
    <Filter Include="AccelStruct">
      <UniqueIdentifier>{484837ea-51e5-4eb8-a0bc-67de6151e3e9}</UniqueIdentifier>
    </Filter>
    <Filter Include="Core">
      <UniqueIdentifier>{0ac40a80-0ca8-439a-a4d7-5878541471bb}</UniqueIdentifier>
    </Filter>
    <Filter Include="Volume">
      <UniqueIdentifier>{11fc37c3-876b-4b69-831a-6a784c90dd77}</UniqueIdentifier>
    </Filter>
    <Filter Include="Factory">
      <UniqueIdentifier>{f5bcb7f9-08de-4203-bcbb-f862966483cb}</UniqueIdentifier>
    </Filter>
    <Filter Include="BSSRDF">
      <UniqueIdentifier>{95a1c055-84d9-4867-ba7f-7551dd8ba18f}</UniqueIdentifier>
    </Filter>
  </ItemGroup>
  <ItemGroup>
    <ClCompile Include="TestBvh.cpp">
      <Filter>Fichiers sources</Filter>
    </ClCompile>
    <ClCompile Include="src\bsdf\BSDF.cpp">
      <Filter>BSDF</Filter>
    </ClCompile>
    <ClCompile Include="src\bsdf\CarPaint.cpp">
      <Filter>BSDF</Filter>
    </ClCompile>
    <ClCompile Include="src\bsdf\Conductor.cpp">
      <Filter>BSDF</Filter>
    </ClCompile>
    <ClCompile Include="src\bsdf\Dielectric.cpp">
      <Filter>BSDF</Filter>
    </ClCompile>
    <ClCompile Include="src\bsdf\Diffuse.cpp">
      <Filter>BSDF</Filter>
    </ClCompile>
    <ClCompile Include="src\bsdf\EmptyBSDF.cpp">
      <Filter>BSDF</Filter>
    </ClCompile>
    <ClCompile Include="src\bsdf\LayeredBSDF.cpp">
      <Filter>BSDF</Filter>
    </ClCompile>
    <ClCompile Include="src\bsdf\Microfacet.cpp">
      <Filter>BSDF</Filter>
    </ClCompile>
    <ClCompile Include="src\bsdf\MicrofacetDistribution.cpp">
      <Filter>BSDF</Filter>
    </ClCompile>
    <ClCompile Include="src\bsdf\Mirror.cpp">
      <Filter>BSDF</Filter>
    </ClCompile>
    <ClCompile Include="src\bsdf\NormalMapping.cpp">
      <Filter>BSDF</Filter>
    </ClCompile>
    <ClCompile Include="src\bsdf\Phong.cpp">
      <Filter>BSDF</Filter>
    </ClCompile>
    <ClCompile Include="src\bsdf\RoughConductor.cpp">
      <Filter>BSDF</Filter>
    </ClCompile>
    <ClCompile Include="src\bsdf\RoughDielectric.cpp">
      <Filter>BSDF</Filter>
    </ClCompile>
    <ClCompile Include="src\bsdf\ShadowCatcher.cpp">
      <Filter>BSDF</Filter>
    </ClCompile>
    <ClCompile Include="src\bsdf\SheetDielectric.cpp">
      <Filter>BSDF</Filter>
    </ClCompile>
    <ClCompile Include="src\bsdf\SmoothLayeredBSDF.cpp">
      <Filter>BSDF</Filter>
    </ClCompile>
    <ClCompile Include="src\bsdf\SpectralDielectric.cpp">
      <Filter>BSDF</Filter>
    </ClCompile>
    <ClCompile Include="src\bssrdf\BSSRDF.cpp">
      <Filter>BSSRDF</Filter>
    </ClCompile>
    <ClCompile Include="src\bssrdf\FastDipole.cpp">
      <Filter>BSSRDF</Filter>
    </ClCompile>
    <ClCompile Include="src\camera\Camera.cpp">
      <Filter>Camera</Filter>
    </ClCompile>
    <ClCompile Include="src\camera\NoriPerspective.cpp">
      <Filter>Camera</Filter>
    </ClCompile>
    <ClCompile Include="src\camera\Orthographic.cpp">
      <Filter>Camera</Filter>
    </ClCompile>
    <ClCompile Include="src\camera\Perspective.cpp">
      <Filter>Camera</Filter>
    </ClCompile>
    <ClCompile Include="src\factory\ObjectFactoryManager.cpp">
      <Filter>Factory</Filter>
    </ClCompile>
    <ClCompile Include="src\accelStruct\Bvh.cpp">
      <Filter>AccelStruct</Filter>
    </ClCompile>
    <ClCompile Include="src\filter\BoxFilter.cpp">
      <Filter>Filters</Filter>
    </ClCompile>
    <ClCompile Include="src\filter\GaussianFilter.cpp">
      <Filter>Filters</Filter>
    </ClCompile>
    <ClCompile Include="src\filter\MitchellNetravaliFilter.cpp">
      <Filter>Filters</Filter>
    </ClCompile>
    <ClCompile Include="src\filter\ReconstructionFilter.cpp">
      <Filter>Filters</Filter>
    </ClCompile>
    <ClCompile Include="src\geometricShape\Cube.cpp">
      <Filter>GeometricShape</Filter>
    </ClCompile>
    <ClCompile Include="src\geometricShape\GeometricShape.cpp">
      <Filter>GeometricShape</Filter>
    </ClCompile>
    <ClCompile Include="src\geometricShape\ImplicitSurface.cpp">
      <Filter>GeometricShape</Filter>
    </ClCompile>
    <ClCompile Include="src\geometricShape\ISampledShape.cpp">
      <Filter>GeometricShape</Filter>
    </ClCompile>
    <ClCompile Include="src\geometricShape\Mandelbulb.cpp">
      <Filter>GeometricShape</Filter>
    </ClCompile>
    <ClCompile Include="src\geometricShape\Mesh.cpp">
      <Filter>GeometricShape</Filter>
    </ClCompile>
    <ClCompile Include="src\geometricShape\MeshFromShape.cpp">
      <Filter>GeometricShape</Filter>
    </ClCompile>
    <ClCompile Include="src\geometricShape\Plane.cpp">
      <Filter>GeometricShape</Filter>
    </ClCompile>
    <ClCompile Include="src\geometricShape\Sphere.cpp">
      <Filter>GeometricShape</Filter>
    </ClCompile>
    <ClCompile Include="src\geometricShape\Triangle.cpp">
      <Filter>GeometricShape</Filter>
    </ClCompile>
    <ClCompile Include="src\integrator\AmbientOcclusion.cpp">
      <Filter>Integrators</Filter>
    </ClCompile>
    <ClCompile Include="src\integrator\DirectLighting.cpp">
      <Filter>Integrators</Filter>
    </ClCompile>
    <ClCompile Include="src\integrator\DirectLightingIS.cpp">
      <Filter>Integrators</Filter>
    </ClCompile>
    <ClCompile Include="src\integrator\DirectLightingMIS.cpp">
      <Filter>Integrators</Filter>
    </ClCompile>
    <ClCompile Include="src\integrator\Integrator.cpp">
      <Filter>Integrators</Filter>
    </ClCompile>
    <ClCompile Include="src\integrator\NormalIntegrator.cpp">
      <Filter>Integrators</Filter>
    </ClCompile>
    <ClCompile Include="src\integrator\PathTracingMIS.cpp">
      <Filter>Integrators</Filter>
    </ClCompile>
    <ClCompile Include="src\integrator\RecursivePathTracingMIS.cpp">
      <Filter>Integrators</Filter>
    </ClCompile>
    <ClCompile Include="src\integrator\VolPathTracing.cpp">
      <Filter>Integrators</Filter>
    </ClCompile>
    <ClCompile Include="src\io\HDRLoader.cpp">
      <Filter>IO</Filter>
    </ClCompile>
    <ClCompile Include="src\io\ImageLoader.cpp">
      <Filter>IO</Filter>
    </ClCompile>
    <ClCompile Include="src\light\AreaLight.cpp">
      <Filter>Lights</Filter>
    </ClCompile>
    <ClCompile Include="src\light\DistantLight.cpp">
      <Filter>Lights</Filter>
    </ClCompile>
    <ClCompile Include="src\light\EnvironmentLight.cpp">
      <Filter>Lights</Filter>
    </ClCompile>
    <ClCompile Include="src\light\Light.cpp">
      <Filter>Lights</Filter>
    </ClCompile>
    <ClCompile Include="src\light\MeshLight.cpp">
      <Filter>Lights</Filter>
    </ClCompile>
    <ClCompile Include="src\light\PointLight.cpp">
      <Filter>Lights</Filter>
    </ClCompile>
    <ClCompile Include="src\light\SpotLight.cpp">
      <Filter>Lights</Filter>
    </ClCompile>
    <ClCompile Include="src\medium\Heterogeneous.cpp">
      <Filter>Medium</Filter>
    </ClCompile>
    <ClCompile Include="src\medium\HGPhaseFunction.cpp">
      <Filter>Medium</Filter>
    </ClCompile>
    <ClCompile Include="src\medium\Homogeneous.cpp">
      <Filter>Medium</Filter>
    </ClCompile>
    <ClCompile Include="src\medium\IsotropicPhaseFunction.cpp">
      <Filter>Medium</Filter>
    </ClCompile>
    <ClCompile Include="src\medium\Medium.cpp">
      <Filter>Medium</Filter>
    </ClCompile>
    <ClCompile Include="src\medium\PhaseFunction.cpp">
      <Filter>Medium</Filter>
    </ClCompile>
    <ClCompile Include="src\io\IMeshLoader.cpp">
      <Filter>IO</Filter>
    </ClCompile>
    <ClCompile Include="src\io\ObjLoader.cpp">
      <Filter>IO</Filter>
    </ClCompile>
    <ClCompile Include="src\io\PLYLoader.cpp">
      <Filter>IO</Filter>
    </ClCompile>
    <ClCompile Include="src\sampler\RandomSampler.cpp">
      <Filter>Samplers</Filter>
    </ClCompile>
    <ClCompile Include="src\sampler\Sampler.cpp">
      <Filter>Samplers</Filter>
    </ClCompile>
    <ClCompile Include="src\texture\CheckerTexture.cpp">
      <Filter>Textures</Filter>
    </ClCompile>
    <ClCompile Include="src\texture\ConstantTexture.cpp">
      <Filter>Textures</Filter>
    </ClCompile>
    <ClCompile Include="src\texture\ImageTexture.cpp">
      <Filter>Textures</Filter>
    </ClCompile>
    <ClCompile Include="src\texture\PerlinNoiseTexture.cpp">
      <Filter>Textures</Filter>
    </ClCompile>
    <ClCompile Include="src\texture\Texture.cpp">
      <Filter>Textures</Filter>
    </ClCompile>
    <ClCompile Include="src\tools\Common.cpp">
      <Filter>Tools</Filter>
    </ClCompile>
    <ClCompile Include="src\tools\Logger.cpp">
      <Filter>Tools</Filter>
    </ClCompile>
    <ClCompile Include="src\tools\Rng.cpp">
      <Filter>Tools</Filter>
    </ClCompile>
    <ClCompile Include="src\tools\Timer.cpp">
      <Filter>Tools</Filter>
    </ClCompile>
    <ClCompile Include="src\volume\GridVolume.cpp">
      <Filter>Volume</Filter>
    </ClCompile>
    <ClCompile Include="src\volume\OpenVDBVolume.cpp">
      <Filter>Volume</Filter>
    </ClCompile>
    <ClCompile Include="src\volume\Volume.cpp">
      <Filter>Volume</Filter>
    </ClCompile>
    <ClCompile Include="src\core\BoundingBox.cpp">
      <Filter>Core</Filter>
    </ClCompile>
    <ClCompile Include="src\core\CDF.cpp">
      <Filter>Core</Filter>
    </ClCompile>
    <ClCompile Include="src\core\Color.cpp">
      <Filter>Core</Filter>
    </ClCompile>
    <ClCompile Include="src\core\DifferentialGeometry.cpp">
      <Filter>Core</Filter>
    </ClCompile>
    <ClCompile Include="src\core\Fresnel.cpp">
      <Filter>Core</Filter>
    </ClCompile>
    <ClCompile Include="src\core\Intersection.cpp">
      <Filter>Core</Filter>
    </ClCompile>
    <ClCompile Include="src\core\Job.cpp">
      <Filter>Core</Filter>
    </ClCompile>
    <ClCompile Include="src\core\JobManager.cpp">
      <Filter>Core</Filter>
    </ClCompile>
    <ClCompile Include="src\core\main.cpp">
      <Filter>Core</Filter>
    </ClCompile>
    <ClCompile Include="src\core\Mapping.cpp">
      <Filter>Core</Filter>
    </ClCompile>
    <ClCompile Include="src\core\Parameters.cpp">
      <Filter>Core</Filter>
    </ClCompile>
    <ClCompile Include="src\core\Primitive.cpp">
      <Filter>Core</Filter>
    </ClCompile>
    <ClCompile Include="src\core\Ray.cpp">
      <Filter>Core</Filter>
    </ClCompile>
    <ClCompile Include="src\core\RaytracerObject.cpp">
      <Filter>Core</Filter>
    </ClCompile>
    <ClCompile Include="src\core\SampleJob.cpp">
      <Filter>Core</Filter>
    </ClCompile>
    <ClCompile Include="src\core\Scene.cpp">
      <Filter>Core</Filter>
    </ClCompile>
    <ClCompile Include="src\core\Screen.cpp">
      <Filter>Core</Filter>
    </ClCompile>
    <ClCompile Include="src\core\Transform.cpp">
      <Filter>Core</Filter>
    </ClCompile>
    <ClCompile Include="src\core\XMLLoader.cpp">
      <Filter>Core</Filter>
    </ClCompile>
    <ClCompile Include="src\ext\tinyxml\tinystr.cpp">
      <Filter>tinyxml</Filter>
    </ClCompile>
    <ClCompile Include="src\ext\tinyxml\tinyxml.cpp">
      <Filter>tinyxml</Filter>
    </ClCompile>
    <ClCompile Include="src\ext\tinyxml\tinyxmlerror.cpp">
      <Filter>tinyxml</Filter>
    </ClCompile>
    <ClCompile Include="src\ext\tinyxml\tinyxmlparser.cpp">
      <Filter>tinyxml</Filter>
    </ClCompile>
  </ItemGroup>
  <ItemGroup>
    <ClInclude Include="resource.h">
      <Filter>Fichiers d%27en-tête</Filter>
    </ClInclude>
    <ClInclude Include="TestBvh.h">
      <Filter>Fichiers d%27en-tête</Filter>
    </ClInclude>
    <ClInclude Include="src\bsdf\BSDF.h">
      <Filter>BSDF</Filter>
    </ClInclude>
    <ClInclude Include="src\bsdf\CarPaint.h">
      <Filter>BSDF</Filter>
    </ClInclude>
    <ClInclude Include="src\bsdf\Conductor.h">
      <Filter>BSDF</Filter>
    </ClInclude>
    <ClInclude Include="src\bsdf\Dielectric.h">
      <Filter>BSDF</Filter>
    </ClInclude>
    <ClInclude Include="src\bsdf\Diffuse.h">
      <Filter>BSDF</Filter>
    </ClInclude>
    <ClInclude Include="src\bsdf\EmptyBSDF.h">
      <Filter>BSDF</Filter>
    </ClInclude>
    <ClInclude Include="src\bsdf\LayeredBSDF.h">
      <Filter>BSDF</Filter>
    </ClInclude>
    <ClInclude Include="src\bsdf\Microfacet.h">
      <Filter>BSDF</Filter>
    </ClInclude>
    <ClInclude Include="src\bsdf\MicrofacetDistribution.h">
      <Filter>BSDF</Filter>
    </ClInclude>
    <ClInclude Include="src\bsdf\Mirror.h">
      <Filter>BSDF</Filter>
    </ClInclude>
    <ClInclude Include="src\bsdf\NormalMapping.h">
      <Filter>BSDF</Filter>
    </ClInclude>
    <ClInclude Include="src\bsdf\Phong.h">
      <Filter>BSDF</Filter>
    </ClInclude>
    <ClInclude Include="src\bsdf\RoughConductor.h">
      <Filter>BSDF</Filter>
    </ClInclude>
    <ClInclude Include="src\bsdf\RoughDielectric.h">
      <Filter>BSDF</Filter>
    </ClInclude>
    <ClInclude Include="src\bsdf\ShadowCatcher.h">
      <Filter>BSDF</Filter>
    </ClInclude>
    <ClInclude Include="src\bsdf\SheetDielectric.h">
      <Filter>BSDF</Filter>
    </ClInclude>
    <ClInclude Include="src\bsdf\SmoothLayeredBSDF.h">
      <Filter>BSDF</Filter>
    </ClInclude>
    <ClInclude Include="src\bsdf\SpectralDielectric.h">
      <Filter>BSDF</Filter>
    </ClInclude>
    <ClInclude Include="src\bssrdf\BSSRDF.h">
      <Filter>BSSRDF</Filter>
    </ClInclude>
    <ClInclude Include="src\bssrdf\FastDipole.h">
      <Filter>BSSRDF</Filter>
    </ClInclude>
    <ClInclude Include="src\camera\Camera.h">
      <Filter>Camera</Filter>
    </ClInclude>
    <ClInclude Include="src\camera\NoriPerspective.h">
      <Filter>Camera</Filter>
    </ClInclude>
    <ClInclude Include="src\camera\Orthographic.h">
      <Filter>Camera</Filter>
    </ClInclude>
    <ClInclude Include="src\camera\Perspective.h">
      <Filter>Camera</Filter>
    </ClInclude>
    <ClInclude Include="src\factory\GeometricShapeFactory.h">
      <Filter>Factory</Filter>
    </ClInclude>
    <ClInclude Include="src\factory\MeshFactory.h">
      <Filter>Factory</Filter>
    </ClInclude>
    <ClInclude Include="src\factory\MeshFromShapeFactory.h">
      <Filter>Factory</Filter>
    </ClInclude>
    <ClInclude Include="src\factory\ObjectFactory.h">
      <Filter>Factory</Filter>
    </ClInclude>
    <ClInclude Include="src\factory\ObjectFactoryManager.h">
      <Filter>Factory</Filter>
    </ClInclude>
    <ClInclude Include="src\accelStruct\Bvh.h">
      <Filter>AccelStruct</Filter>
    </ClInclude>
    <ClInclude Include="src\filter\BoxFilter.h">
      <Filter>Filters</Filter>
    </ClInclude>
    <ClInclude Include="src\filter\GaussianFilter.h">
      <Filter>Filters</Filter>
    </ClInclude>
    <ClInclude Include="src\filter\MitchellNetravaliFilter.h">
      <Filter>Filters</Filter>
    </ClInclude>
    <ClInclude Include="src\filter\ReconstructionFilter.h">
      <Filter>Filters</Filter>
    </ClInclude>
    <ClInclude Include="src\geometricShape\Cube.h">
      <Filter>GeometricShape</Filter>
    </ClInclude>
    <ClInclude Include="src\geometricShape\GeometricShape.h">
      <Filter>GeometricShape</Filter>
    </ClInclude>
    <ClInclude Include="src\geometricShape\ImplicitSurface.h">
      <Filter>GeometricShape</Filter>
    </ClInclude>
    <ClInclude Include="src\geometricShape\ISampledShape.h">
      <Filter>GeometricShape</Filter>
    </ClInclude>
    <ClInclude Include="src\geometricShape\Mandelbulb.h">
      <Filter>GeometricShape</Filter>
    </ClInclude>
    <ClInclude Include="src\geometricShape\Mesh.h">
      <Filter>GeometricShape</Filter>
    </ClInclude>
    <ClInclude Include="src\geometricShape\MeshFromShape.h">
      <Filter>GeometricShape</Filter>
    </ClInclude>
    <ClInclude Include="src\geometricShape\Plane.h">
      <Filter>GeometricShape</Filter>
    </ClInclude>
    <ClInclude Include="src\geometricShape\Sphere.h">
      <Filter>GeometricShape</Filter>
    </ClInclude>
    <ClInclude Include="src\geometricShape\Triangle.h">
      <Filter>GeometricShape</Filter>
    </ClInclude>
    <ClInclude Include="src\integrator\AmbientOcclusion.h">
      <Filter>Integrators</Filter>
    </ClInclude>
    <ClInclude Include="src\integrator\DirectLighting.h">
      <Filter>Integrators</Filter>
    </ClInclude>
    <ClInclude Include="src\integrator\DirectLightingIS.h">
      <Filter>Integrators</Filter>
    </ClInclude>
    <ClInclude Include="src\integrator\DirectLightingMIS.h">
      <Filter>Integrators</Filter>
    </ClInclude>
    <ClInclude Include="src\integrator\Integrator.h">
      <Filter>Integrators</Filter>
    </ClInclude>
    <ClInclude Include="src\integrator\NormalIntegrator.h">
      <Filter>Integrators</Filter>
    </ClInclude>
    <ClInclude Include="src\integrator\PathTracingMIS.h">
      <Filter>Integrators</Filter>
    </ClInclude>
    <ClInclude Include="src\integrator\RecursivePathTracingMIS.h">
      <Filter>Integrators</Filter>
    </ClInclude>
    <ClInclude Include="src\integrator\VolPathTracing.h">
      <Filter>Integrators</Filter>
    </ClInclude>
    <ClInclude Include="src\io\HDRLoader.h">
      <Filter>IO</Filter>
    </ClInclude>
    <ClInclude Include="src\io\ImageLoader.h">
      <Filter>IO</Filter>
    </ClInclude>
    <ClInclude Include="src\light\AreaLight.h">
      <Filter>Lights</Filter>
    </ClInclude>
    <ClInclude Include="src\light\DistantLight.h">
      <Filter>Lights</Filter>
    </ClInclude>
    <ClInclude Include="src\light\EnvironmentLight.h">
      <Filter>Lights</Filter>
    </ClInclude>
    <ClInclude Include="src\light\Light.h">
      <Filter>Lights</Filter>
    </ClInclude>
    <ClInclude Include="src\light\MeshLight.h">
      <Filter>Lights</Filter>
    </ClInclude>
    <ClInclude Include="src\light\PointLight.h">
      <Filter>Lights</Filter>
    </ClInclude>
    <ClInclude Include="src\light\SpotLight.h">
      <Filter>Lights</Filter>
    </ClInclude>
    <ClInclude Include="src\medium\Heterogeneous.h">
      <Filter>Medium</Filter>
    </ClInclude>
    <ClInclude Include="src\medium\HGPhaseFunction.h">
      <Filter>Medium</Filter>
    </ClInclude>
    <ClInclude Include="src\medium\Homogeneous.h">
      <Filter>Medium</Filter>
    </ClInclude>
    <ClInclude Include="src\medium\IsotropicPhaseFunction.h">
      <Filter>Medium</Filter>
    </ClInclude>
    <ClInclude Include="src\medium\Medium.h">
      <Filter>Medium</Filter>
    </ClInclude>
    <ClInclude Include="src\medium\PhaseFunction.h">
      <Filter>Medium</Filter>
    </ClInclude>
    <ClInclude Include="src\io\IMeshLoader.h">
      <Filter>IO</Filter>
    </ClInclude>
    <ClInclude Include="src\io\ObjLoader.h">
      <Filter>IO</Filter>
    </ClInclude>
    <ClInclude Include="src\io\PLYLoader.h">
      <Filter>IO</Filter>
    </ClInclude>
    <ClInclude Include="src\sampler\RandomSampler.h">
      <Filter>Samplers</Filter>
    </ClInclude>
    <ClInclude Include="src\sampler\Sampler.h">
      <Filter>Samplers</Filter>
    </ClInclude>
    <ClInclude Include="src\texture\CheckerTexture.h">
      <Filter>Textures</Filter>
    </ClInclude>
    <ClInclude Include="src\texture\ConstantTexture.h">
      <Filter>Textures</Filter>
    </ClInclude>
    <ClInclude Include="src\texture\ImageTexture.h">
      <Filter>Textures</Filter>
    </ClInclude>
    <ClInclude Include="src\texture\PerlinNoiseTexture.h">
      <Filter>Textures</Filter>
    </ClInclude>
    <ClInclude Include="src\texture\Texture.h">
      <Filter>Textures</Filter>
    </ClInclude>
    <ClInclude Include="src\tools\Array2D.h">
      <Filter>Tools</Filter>
    </ClInclude>
    <ClInclude Include="src\tools\Common.h">
      <Filter>Tools</Filter>
    </ClInclude>
    <ClInclude Include="src\tools\Logger.h">
      <Filter>Tools</Filter>
    </ClInclude>
    <ClInclude Include="src\tools\NonCopyable.h">
      <Filter>Tools</Filter>
    </ClInclude>
    <ClInclude Include="src\tools\Rng.h">
      <Filter>Tools</Filter>
    </ClInclude>
    <ClInclude Include="src\tools\Singleton.h">
      <Filter>Tools</Filter>
    </ClInclude>
    <ClInclude Include="src\tools\Timer.h">
      <Filter>Tools</Filter>
    </ClInclude>
    <ClInclude Include="src\tools\Tools.h">
      <Filter>Tools</Filter>
    </ClInclude>
    <ClInclude Include="src\tools\WithSmartPtr.h">
      <Filter>Tools</Filter>
    </ClInclude>
    <ClInclude Include="src\volume\GridVolume.h">
      <Filter>Volume</Filter>
    </ClInclude>
    <ClInclude Include="src\volume\OpenVDBVolume.h">
      <Filter>Volume</Filter>
    </ClInclude>
    <ClInclude Include="src\volume\Volume.h">
      <Filter>Volume</Filter>
    </ClInclude>
    <ClInclude Include="src\core\BasicMath.h">
      <Filter>Core</Filter>
    </ClInclude>
    <ClInclude Include="src\core\BoundingBox.h">
      <Filter>Core</Filter>
    </ClInclude>
    <ClInclude Include="src\core\CDF.h">
      <Filter>Core</Filter>
    </ClInclude>
    <ClInclude Include="src\core\Color.h">
      <Filter>Core</Filter>
    </ClInclude>
    <ClInclude Include="src\core\DifferentialGeometry.h">
      <Filter>Core</Filter>
    </ClInclude>
    <ClInclude Include="src\core\FastMath.h">
      <Filter>Core</Filter>
    </ClInclude>
    <ClInclude Include="src\core\Fresnel.h">
      <Filter>Core</Filter>
    </ClInclude>
    <ClInclude Include="src\core\Geometry.h">
      <Filter>Core</Filter>
    </ClInclude>
    <ClInclude Include="src\core\Intersection.h">
      <Filter>Core</Filter>
    </ClInclude>
    <ClInclude Include="src\core\Job.h">
      <Filter>Core</Filter>
    </ClInclude>
    <ClInclude Include="src\core\JobManager.h">
      <Filter>Core</Filter>
    </ClInclude>
    <ClInclude Include="src\core\Mapping.h">
      <Filter>Core</Filter>
    </ClInclude>
    <ClInclude Include="src\core\Math.h">
      <Filter>Core</Filter>
    </ClInclude>
    <ClInclude Include="src\core\Parameters.h">
      <Filter>Core</Filter>
    </ClInclude>
    <ClInclude Include="src\core\Primitive.h">
      <Filter>Core</Filter>
    </ClInclude>
    <ClInclude Include="src\core\Ray.h">
      <Filter>Core</Filter>
    </ClInclude>
    <ClInclude Include="src\core\RaytracerObject.h">
      <Filter>Core</Filter>
    </ClInclude>
    <ClInclude Include="src\core\SampleJob.h">
      <Filter>Core</Filter>
    </ClInclude>
    <ClInclude Include="src\core\Scene.h">
      <Filter>Core</Filter>
    </ClInclude>
    <ClInclude Include="src\core\Screen.h">
      <Filter>Core</Filter>
    </ClInclude>
    <ClInclude Include="src\core\Transform.h">
      <Filter>Core</Filter>
    </ClInclude>
    <ClInclude Include="src\core\XMLLoader.h">
      <Filter>Core</Filter>
    </ClInclude>
    <ClInclude Include="src\ext\tinyxml\tinystr.h">
      <Filter>tinyxml</Filter>
    </ClInclude>
    <ClInclude Include="src\ext\tinyxml\tinyxml.h">
      <Filter>tinyxml</Filter>
    </ClInclude>
  </ItemGroup>
  <ItemGroup>
    <None Include="ClassDiagram.cd" />
    <None Include="Scene1.xml">
      <Filter>Scenes</Filter>
    </None>
  </ItemGroup>
  <ItemGroup>
    <ResourceCompile Include="RaytracerNew2.rc">
      <Filter>Fichiers de ressources</Filter>
    </ResourceCompile>
  </ItemGroup>
  <ItemGroup>
    <Xml Include="Scenes\Ajax-IS.xml">
      <Filter>Scenes</Filter>
    </Xml>
    <Xml Include="Scenes\Buddha-MIS.xml">
      <Filter>Scenes</Filter>
    </Xml>
    <Xml Include="Scenes\DepthOfField.xml">
      <Filter>Scenes</Filter>
    </Xml>
    <Xml Include="Scenes\Odyssey-IS.xml">
      <Filter>Scenes</Filter>
    </Xml>
    <Xml Include="Scenes\bathroom-rtPT.xml">
      <Filter>Scenes</Filter>
    </Xml>
    <Xml Include="Scenes\MatPreview.xml">
      <Filter>Scenes</Filter>
    </Xml>
    <Xml Include="Scenes\MatPreview2.xml">
      <Filter>Scenes</Filter>
    </Xml>
    <Xml Include="Scenes\SphereAO-MIS.xml">
      <Filter>Scenes</Filter>
    </Xml>
    <Xml Include="Scenes\Table-MIS.xml">
      <Filter>Scenes</Filter>
    </Xml>
    <Xml Include="Scenes\veach-MIS.xml">
      <Filter>Scenes</Filter>
    </Xml>
    <Xml Include="Scenes\AudiRS6.xml">
      <Filter>Scenes</Filter>
    </Xml>
    <Xml Include="Scenes\lamborghiniAventador.xml" />
    <Xml Include="Scenes\cbox_path_text.xml">
      <Filter>Scenes</Filter>
    </Xml>
    <Xml Include="Scenes\cbox_path_vol.xml">
      <Filter>Scenes</Filter>
    </Xml>
    <Xml Include="Scenes\SimpleSmoke.xml">
      <Filter>Scenes</Filter>
    </Xml>
    <Xml Include="Scenes\steam.xml" />
    <Xml Include="Scenes\velvet.xml" />
    <Xml Include="Scenes\testCarPaint.xml" />
    <Xml Include="Scenes\Table-bssrdf.xml">
      <Filter>Scenes</Filter>
    </Xml>
    <Xml Include="Scenes\dragon-sss.xml" />
  </ItemGroup>
</Project>